
Microsoft Visual Studio Solution File, Format Version 12.00
# Visual Studio Version 17
VisualStudioVersion = 17.11.35222.181
MinimumVisualStudioVersion = 10.0.40219.1
Project("{FAE04EC0-301F-11D3-BF4B-00C04F79EFBC}") = "CryptographyProject", "CryptographyProject\CryptographyProject.csproj", "{AA74E2FD-4B05-4C98-962A-E49F6A3E5DEF}"
EndProject
Project("{2150E333-8FDC-42A3-9474-1A3956D46DE8}") = "Solution Items", "Solution Items", "{C355724D-55BC-4948-A452-BF97ABAF5FBF}"
	ProjectSection(SolutionItems) = preProject
		.gitignore = .gitignore
	EndProjectSection
EndProject
Global
	GlobalSection(SolutionConfigurationPlatforms) = preSolution
		Debug|Any CPU = Debug|Any CPU
		Release|Any CPU = Release|Any CPU
	EndGlobalSection
	GlobalSection(ProjectConfigurationPlatforms) = postSolution
		{AA74E2FD-4B05-4C98-962A-E49F6A3E5DEF}.Debug|Any CPU.ActiveCfg = Debug|Any CPU
		{AA74E2FD-4B05-4C98-962A-E49F6A3E5DEF}.Debug|Any CPU.Build.0 = Debug|Any CPU
		{AA74E2FD-4B05-4C98-962A-E49F6A3E5DEF}.Release|Any CPU.ActiveCfg = Release|Any CPU
		{AA74E2FD-4B05-4C98-962A-E49F6A3E5DEF}.Release|Any CPU.Build.0 = Release|Any CPU
	EndGlobalSection
	GlobalSection(SolutionProperties) = preSolution
		HideSolutionNode = FALSE
	EndGlobalSection
	GlobalSection(ExtensibilityGlobals) = postSolution
		SolutionGuid = {95386B22-72CA-47BC-8224-B7397391008F}
	EndGlobalSection
EndGlobal
